
Microsoft Visual Studio Solution File, Format Version 12.00
# Visual Studio Version 17
VisualStudioVersion = 17.14.36518.9
MinimumVisualStudioVersion = 10.0.40219.1
Project("{FAE04EC0-301F-11D3-BF4B-00C04F79EFBC}") = "WebApplication shravani", "WebApplication shravani\WebApplication shravani.csproj", "{9ACD8940-4101-4BFA-851D-DF071CE565D3}"
EndProject
Global
	GlobalSection(SolutionConfigurationPlatforms) = preSolution
		Debug|Any CPU = Debug|Any CPU
		Release|Any CPU = Release|Any CPU
	EndGlobalSection
	GlobalSection(ProjectConfigurationPlatforms) = postSolution
		{9ACD8940-4101-4BFA-851D-DF071CE565D3}.Debug|Any CPU.ActiveCfg = Debug|Any CPU
		{9ACD8940-4101-4BFA-851D-DF071CE565D3}.Debug|Any CPU.Build.0 = Debug|Any CPU
		{9ACD8940-4101-4BFA-851D-DF071CE565D3}.Release|Any CPU.ActiveCfg = Release|Any CPU
		{9ACD8940-4101-4BFA-851D-DF071CE565D3}.Release|Any CPU.Build.0 = Release|Any CPU
	EndGlobalSection
	GlobalSection(SolutionProperties) = preSolution
		HideSolutionNode = FALSE
	EndGlobalSection
	GlobalSection(ExtensibilityGlobals) = postSolution
		SolutionGuid = {209347C5-90DE-4621-B447-2773954C50C6}
	EndGlobalSection
EndGlobal
